
Microsoft Visual Studio Solution File, Format Version 12.00
# Visual Studio Version 16
VisualStudioVersion = 16.0.31702.278
MinimumVisualStudioVersion = 10.0.40219.1
Project("{FAE04EC0-301F-11D3-BF4B-00C04F79EFBC}") = "RDS GP App", "RDS GP App\RDS GP App.csproj", "{74B103E6-FF99-4EC5-909C-25BB7DB17FCC}"
EndProject
Global
	GlobalSection(SolutionConfigurationPlatforms) = preSolution
		Debug|Any CPU = Debug|Any CPU
		Release|Any CPU = Release|Any CPU
	EndGlobalSection
	GlobalSection(ProjectConfigurationPlatforms) = postSolution
		{74B103E6-FF99-4EC5-909C-25BB7DB17FCC}.Debug|Any CPU.ActiveCfg = Debug|Any CPU
		{74B103E6-FF99-4EC5-909C-25BB7DB17FCC}.Debug|Any CPU.Build.0 = Debug|Any CPU
		{74B103E6-FF99-4EC5-909C-25BB7DB17FCC}.Release|Any CPU.ActiveCfg = Release|Any CPU
		{74B103E6-FF99-4EC5-909C-25BB7DB17FCC}.Release|Any CPU.Build.0 = Release|Any CPU
	EndGlobalSection
	GlobalSection(SolutionProperties) = preSolution
		HideSolutionNode = FALSE
	EndGlobalSection
	GlobalSection(ExtensibilityGlobals) = postSolution
		SolutionGuid = {3C11D014-0803-41B4-9821-DD4A40F23AB1}
	EndGlobalSection
EndGlobal
